
Microsoft Visual Studio Solution File, Format Version 12.00
# Visual Studio Version 16
VisualStudioVersion = 16.0.29519.181
MinimumVisualStudioVersion = 10.0.40219.1
Project("{FAE04EC0-301F-11D3-BF4B-00C04F79EFBC}") = "TodoApp", "TodoApp\TodoApp.csproj", "{FD57CC07-B724-4420-A612-5D697923989E}"
EndProject
Global
	GlobalSection(SolutionConfigurationPlatforms) = preSolution
		Debug|Any CPU = Debug|Any CPU
		Release|Any CPU = Release|Any CPU
	EndGlobalSection
	GlobalSection(ProjectConfigurationPlatforms) = postSolution
		{FD57CC07-B724-4420-A612-5D697923989E}.Debug|Any CPU.ActiveCfg = Debug|Any CPU
		{FD57CC07-B724-4420-A612-5D697923989E}.Debug|Any CPU.Build.0 = Debug|Any CPU
		{FD57CC07-B724-4420-A612-5D697923989E}.Release|Any CPU.ActiveCfg = Release|Any CPU
		{FD57CC07-B724-4420-A612-5D697923989E}.Release|Any CPU.Build.0 = Release|Any CPU
	EndGlobalSection
	GlobalSection(SolutionProperties) = preSolution
		HideSolutionNode = FALSE
	EndGlobalSection
	GlobalSection(ExtensibilityGlobals) = postSolution
		SolutionGuid = {5B34FA2C-96B6-4F2C-858B-6ECBDD806334}
	EndGlobalSection
EndGlobal
